# This file is automatically @generated by Cargo.
# It is not intended for manual editing.
version = 4

[[package]]
name = "embedded-hal"
version = "1.0.0"
source = "registry+https://github.com/rust-lang/crates.io-index"
checksum = "361a90feb7004eca4019fb28352a9465666b24f840f5c3cddf0ff13920590b89"

[[package]]
name = "vesta-degraded-health-host-tests"
version = "0.1.0"
dependencies = [
 "embedded-hal",
 "vesta-protocol",
]

[[package]]
name = "vesta-protocol"
version = "0.1.0"
source = "git+https://github.com/carlosgj94/vesta-receiver.git?rev=82d12623ec2e58dc0048c0174018afb20ae7686c#82d12623ec2e58dc0048c0174018afb20ae7686c"
